
Microsoft Visual Studio Solution File, Format Version 12.00
# Visual Studio 15
VisualStudioVersion = 15.0.28307.852
MinimumVisualStudioVersion = 10.0.40219.1
Project("{FAE04EC0-301F-11D3-BF4B-00C04F79EFBC}") = "Superheroes", "Superheroes\Superheroes.csproj", "{E11FC50F-BEB3-431E-BECB-713C7B025D01}"
EndProject
Global
	GlobalSection(SolutionConfigurationPlatforms) = preSolution
		Debug|Any CPU = Debug|Any CPU
		Release|Any CPU = Release|Any CPU
	EndGlobalSection
	GlobalSection(ProjectConfigurationPlatforms) = postSolution
		{E11FC50F-BEB3-431E-BECB-713C7B025D01}.Debug|Any CPU.ActiveCfg = Debug|Any CPU
		{E11FC50F-BEB3-431E-BECB-713C7B025D01}.Debug|Any CPU.Build.0 = Debug|Any CPU
		{E11FC50F-BEB3-431E-BECB-713C7B025D01}.Release|Any CPU.ActiveCfg = Release|Any CPU
		{E11FC50F-BEB3-431E-BECB-713C7B025D01}.Release|Any CPU.Build.0 = Release|Any CPU
	EndGlobalSection
	GlobalSection(SolutionProperties) = preSolution
		HideSolutionNode = FALSE
	EndGlobalSection
	GlobalSection(ExtensibilityGlobals) = postSolution
		SolutionGuid = {E83235FA-533D-4109-922E-2D01DD8EDC28}
	EndGlobalSection
EndGlobal
